
Microsoft Visual Studio Solution File, Format Version 12.00
# Visual Studio Version 16
VisualStudioVersion = 16.0.30204.135
MinimumVisualStudioVersion = 10.0.40219.1
Project("{FAE04EC0-301F-11D3-BF4B-00C04F79EFBC}") = "Ejercicio7", "Ejercicio7.csproj", "{A9A0FA86-5061-4FEC-8E73-1E4D5A89B85D}"
EndProject
Global
	GlobalSection(SolutionConfigurationPlatforms) = preSolution
		Debug|Any CPU = Debug|Any CPU
		Release|Any CPU = Release|Any CPU
	EndGlobalSection
	GlobalSection(ProjectConfigurationPlatforms) = postSolution
		{A9A0FA86-5061-4FEC-8E73-1E4D5A89B85D}.Debug|Any CPU.ActiveCfg = Debug|Any CPU
		{A9A0FA86-5061-4FEC-8E73-1E4D5A89B85D}.Debug|Any CPU.Build.0 = Debug|Any CPU
		{A9A0FA86-5061-4FEC-8E73-1E4D5A89B85D}.Release|Any CPU.ActiveCfg = Release|Any CPU
		{A9A0FA86-5061-4FEC-8E73-1E4D5A89B85D}.Release|Any CPU.Build.0 = Release|Any CPU
	EndGlobalSection
	GlobalSection(SolutionProperties) = preSolution
		HideSolutionNode = FALSE
	EndGlobalSection
	GlobalSection(ExtensibilityGlobals) = postSolution
		SolutionGuid = {4DAE8389-451C-4A22-8AD1-D5842DC86196}
	EndGlobalSection
EndGlobal
